
Microsoft Visual Studio Solution File, Format Version 12.00
# Visual Studio Version 16
VisualStudioVersion = 16.0.809.1
MinimumVisualStudioVersion = 10.0.40219.1
Project("{FAE04EC0-301F-11D3-BF4B-00C04F79EFBC}") = "BAT.WebApi", "BAT.WebApi\BAT.WebApi.csproj", "{D6F84913-4C2F-46E8-8E30-25D3EF0B5680}"
EndProject
Global
	GlobalSection(SolutionConfigurationPlatforms) = preSolution
		Debug|Any CPU = Debug|Any CPU
		Release|Any CPU = Release|Any CPU
	EndGlobalSection
	GlobalSection(ProjectConfigurationPlatforms) = postSolution
		{D6F84913-4C2F-46E8-8E30-25D3EF0B5680}.Debug|Any CPU.ActiveCfg = Debug|Any CPU
		{D6F84913-4C2F-46E8-8E30-25D3EF0B5680}.Debug|Any CPU.Build.0 = Debug|Any CPU
		{D6F84913-4C2F-46E8-8E30-25D3EF0B5680}.Release|Any CPU.ActiveCfg = Release|Any CPU
		{D6F84913-4C2F-46E8-8E30-25D3EF0B5680}.Release|Any CPU.Build.0 = Release|Any CPU
	EndGlobalSection
	GlobalSection(SolutionProperties) = preSolution
		HideSolutionNode = FALSE
	EndGlobalSection
	GlobalSection(ExtensibilityGlobals) = postSolution
		SolutionGuid = {C04B92CD-9A07-4576-A477-611CA795FB26}
	EndGlobalSection
EndGlobal
